
Microsoft Visual Studio Solution File, Format Version 12.00
# Visual Studio Version 17
VisualStudioVersion = 17.3.32901.215
MinimumVisualStudioVersion = 10.0.40219.1
Project("{FAE04EC0-301F-11D3-BF4B-00C04F79EFBC}") = "Task1", "Task1\Task1.csproj", "{AD59B461-27AB-4A7D-AA19-4100DDA612AB}"
EndProject
Global
	GlobalSection(SolutionConfigurationPlatforms) = preSolution
		Debug|Any CPU = Debug|Any CPU
		Release|Any CPU = Release|Any CPU
	EndGlobalSection
	GlobalSection(ProjectConfigurationPlatforms) = postSolution
		{AD59B461-27AB-4A7D-AA19-4100DDA612AB}.Debug|Any CPU.ActiveCfg = Debug|Any CPU
		{AD59B461-27AB-4A7D-AA19-4100DDA612AB}.Debug|Any CPU.Build.0 = Debug|Any CPU
		{AD59B461-27AB-4A7D-AA19-4100DDA612AB}.Release|Any CPU.ActiveCfg = Release|Any CPU
		{AD59B461-27AB-4A7D-AA19-4100DDA612AB}.Release|Any CPU.Build.0 = Release|Any CPU
	EndGlobalSection
	GlobalSection(SolutionProperties) = preSolution
		HideSolutionNode = FALSE
	EndGlobalSection
	GlobalSection(ExtensibilityGlobals) = postSolution
		SolutionGuid = {66CD1518-7A53-465E-A9D7-BBB5CC80A4C7}
	EndGlobalSection
EndGlobal
